
Microsoft Visual Studio Solution File, Format Version 12.00
# Visual Studio Version 16
VisualStudioVersion = 16.0.29911.84
MinimumVisualStudioVersion = 10.0.40219.1
Project("{9A19103F-16F7-4668-BE54-9A1E7A4F7556}") = "BookStoreBackend", "BookStoreBackend.csproj", "{70BC0BF3-7182-4EA6-915D-AF0FA95B8CBB}"
EndProject
Project("{9A19103F-16F7-4668-BE54-9A1E7A4F7556}") = "Model", "..\Model\Model.csproj", "{CDEE641C-248C-482C-B859-15E410DA8D0B}"
EndProject
Project("{9A19103F-16F7-4668-BE54-9A1E7A4F7556}") = "Manager", "..\Manager\Manager.csproj", "{F0D6B48D-2CA5-44E2-B867-FEF7632A4EED}"
EndProject
Project("{9A19103F-16F7-4668-BE54-9A1E7A4F7556}") = "Repository", "..\Repository\Repository.csproj", "{9A75D79A-083C-414C-954A-0A2254C58C35}"
EndProject
Project("{FAE04EC0-301F-11D3-BF4B-00C04F79EFBC}") = "NUnitTestBookStoreProject", "..\NUnitTestBookStoreProject\NUnitTestBookStoreProject.csproj", "{0C390DB8-FBD4-4C45-82D1-3ACE470B1A6E}"
EndProject
Global
	GlobalSection(SolutionConfigurationPlatforms) = preSolution
		Debug|Any CPU = Debug|Any CPU
		Release|Any CPU = Release|Any CPU
	EndGlobalSection
	GlobalSection(ProjectConfigurationPlatforms) = postSolution
		{70BC0BF3-7182-4EA6-915D-AF0FA95B8CBB}.Debug|Any CPU.ActiveCfg = Debug|Any CPU
		{70BC0BF3-7182-4EA6-915D-AF0FA95B8CBB}.Debug|Any CPU.Build.0 = Debug|Any CPU
		{70BC0BF3-7182-4EA6-915D-AF0FA95B8CBB}.Release|Any CPU.ActiveCfg = Release|Any CPU
		{70BC0BF3-7182-4EA6-915D-AF0FA95B8CBB}.Release|Any CPU.Build.0 = Release|Any CPU
		{CDEE641C-248C-482C-B859-15E410DA8D0B}.Debug|Any CPU.ActiveCfg = Debug|Any CPU
		{CDEE641C-248C-482C-B859-15E410DA8D0B}.Debug|Any CPU.Build.0 = Debug|Any CPU
		{CDEE641C-248C-482C-B859-15E410DA8D0B}.Release|Any CPU.ActiveCfg = Release|Any CPU
		{CDEE641C-248C-482C-B859-15E410DA8D0B}.Release|Any CPU.Build.0 = Release|Any CPU
		{F0D6B48D-2CA5-44E2-B867-FEF7632A4EED}.Debug|Any CPU.ActiveCfg = Debug|Any CPU
		{F0D6B48D-2CA5-44E2-B867-FEF7632A4EED}.Debug|Any CPU.Build.0 = Debug|Any CPU
		{F0D6B48D-2CA5-44E2-B867-FEF7632A4EED}.Release|Any CPU.ActiveCfg = Release|Any CPU
		{F0D6B48D-2CA5-44E2-B867-FEF7632A4EED}.Release|Any CPU.Build.0 = Release|Any CPU
		{9A75D79A-083C-414C-954A-0A2254C58C35}.Debug|Any CPU.ActiveCfg = Debug|Any CPU
		{9A75D79A-083C-414C-954A-0A2254C58C35}.Debug|Any CPU.Build.0 = Debug|Any CPU
		{9A75D79A-083C-414C-954A-0A2254C58C35}.Release|Any CPU.ActiveCfg = Release|Any CPU
		{9A75D79A-083C-414C-954A-0A2254C58C35}.Release|Any CPU.Build.0 = Release|Any CPU
		{0C390DB8-FBD4-4C45-82D1-3ACE470B1A6E}.Debug|Any CPU.ActiveCfg = Debug|Any CPU
		{0C390DB8-FBD4-4C45-82D1-3ACE470B1A6E}.Debug|Any CPU.Build.0 = Debug|Any CPU
		{0C390DB8-FBD4-4C45-82D1-3ACE470B1A6E}.Release|Any CPU.ActiveCfg = Release|Any CPU
		{0C390DB8-FBD4-4C45-82D1-3ACE470B1A6E}.Release|Any CPU.Build.0 = Release|Any CPU
	EndGlobalSection
	GlobalSection(SolutionProperties) = preSolution
		HideSolutionNode = FALSE
	EndGlobalSection
	GlobalSection(ExtensibilityGlobals) = postSolution
		SolutionGuid = {1B0FFB74-CC45-4E75-AC08-88837B0789EE}
	EndGlobalSection
EndGlobal
